
Microsoft Visual Studio Solution File, Format Version 12.00
# Visual Studio Version 16
VisualStudioVersion = 16.0.31702.278
MinimumVisualStudioVersion = 10.0.40219.1
Project("{9A19103F-16F7-4668-BE54-9A1E7A4F7556}") = "Task_A", "Task_A\Task_A.csproj", "{0D36D240-BF69-4AF0-854C-CFB0D9BDE643}"
EndProject
Project("{FAE04EC0-301F-11D3-BF4B-00C04F79EFBC}") = "Task_B", "Task_B\Task_B.csproj", "{1BBAB593-547F-4936-87FC-C7A0402CC939}"
EndProject
Global
	GlobalSection(SolutionConfigurationPlatforms) = preSolution
		Debug|Any CPU = Debug|Any CPU
		Release|Any CPU = Release|Any CPU
	EndGlobalSection
	GlobalSection(ProjectConfigurationPlatforms) = postSolution
		{0D36D240-BF69-4AF0-854C-CFB0D9BDE643}.Debug|Any CPU.ActiveCfg = Debug|Any CPU
		{0D36D240-BF69-4AF0-854C-CFB0D9BDE643}.Debug|Any CPU.Build.0 = Debug|Any CPU
		{0D36D240-BF69-4AF0-854C-CFB0D9BDE643}.Release|Any CPU.ActiveCfg = Release|Any CPU
		{0D36D240-BF69-4AF0-854C-CFB0D9BDE643}.Release|Any CPU.Build.0 = Release|Any CPU
		{1BBAB593-547F-4936-87FC-C7A0402CC939}.Debug|Any CPU.ActiveCfg = Debug|Any CPU
		{1BBAB593-547F-4936-87FC-C7A0402CC939}.Debug|Any CPU.Build.0 = Debug|Any CPU
		{1BBAB593-547F-4936-87FC-C7A0402CC939}.Release|Any CPU.ActiveCfg = Release|Any CPU
		{1BBAB593-547F-4936-87FC-C7A0402CC939}.Release|Any CPU.Build.0 = Release|Any CPU
	EndGlobalSection
	GlobalSection(SolutionProperties) = preSolution
		HideSolutionNode = FALSE
	EndGlobalSection
	GlobalSection(ExtensibilityGlobals) = postSolution
		SolutionGuid = {46EE6A60-F9C3-4152-96D6-1445587D5A26}
	EndGlobalSection
EndGlobal
